
Microsoft Visual Studio Solution File, Format Version 12.00
# Visual Studio Version 17
VisualStudioVersion = 17.9.34728.123
MinimumVisualStudioVersion = 10.0.40219.1
Project("{FAE04EC0-301F-11D3-BF4B-00C04F79EFBC}") = "Task_Algorithms", "Task_Algorithms.csproj", "{FE0A4F79-610B-4A72-BC4D-F632580A18BD}"
EndProject
Global
	GlobalSection(SolutionConfigurationPlatforms) = preSolution
		Debug|Any CPU = Debug|Any CPU
		Release|Any CPU = Release|Any CPU
	EndGlobalSection
	GlobalSection(ProjectConfigurationPlatforms) = postSolution
		{FE0A4F79-610B-4A72-BC4D-F632580A18BD}.Debug|Any CPU.ActiveCfg = Debug|Any CPU
		{FE0A4F79-610B-4A72-BC4D-F632580A18BD}.Debug|Any CPU.Build.0 = Debug|Any CPU
		{FE0A4F79-610B-4A72-BC4D-F632580A18BD}.Release|Any CPU.ActiveCfg = Release|Any CPU
		{FE0A4F79-610B-4A72-BC4D-F632580A18BD}.Release|Any CPU.Build.0 = Release|Any CPU
	EndGlobalSection
	GlobalSection(SolutionProperties) = preSolution
		HideSolutionNode = FALSE
	EndGlobalSection
	GlobalSection(ExtensibilityGlobals) = postSolution
		SolutionGuid = {D533F3E9-424C-4ECE-B8FF-2C9959F152ED}
	EndGlobalSection
EndGlobal
